// !$*UTF8*$!
{
	archiveVersion = 1;
	classes = {
	};
	objectVersion = 46;
	objects = {

/* Begin PBXBuildFile section */
		C70A83741B2E149E006EDE03 /* GameOverScene.sks in Resources */ = {isa = PBXBuildFile; fileRef = C70A83731B2E149E006EDE03 /* GameOverScene.sks */; };
		C70A83761B2E1599006EDE03 /* GameOverScene.swift in Sources */ = {isa = PBXBuildFile; fileRef = C70A83751B2E1599006EDE03 /* GameOverScene.swift */; };
		C70A83791B2EABE6006EDE03 /* Block.png in Resources */ = {isa = PBXBuildFile; fileRef = C70A83771B2EABE6006EDE03 /* Block.png */; };
		C70A837A1B2EABE6006EDE03 /* Block@2x.png in Resources */ = {isa = PBXBuildFile; fileRef = C70A83781B2EABE6006EDE03 /* Block@2x.png */; };
		C771B81E1B2C8B8E001ABFCF /* AppDelegate.swift in Sources */ = {isa = PBXBuildFile; fileRef = C771B81D1B2C8B8E001ABFCF /* AppDelegate.swift */; };
		C771B8221B2C8B8E001ABFCF /* GameScene.swift in Sources */ = {isa = PBXBuildFile; fileRef = C771B8211B2C8B8E001ABFCF /* GameScene.swift */; };
		C771B8241B2C8B8E001ABFCF /* GameViewController.swift in Sources */ = {isa = PBXBuildFile; fileRef = C771B8231B2C8B8E001ABFCF /* GameViewController.swift */; };
		C771B8271B2C8B8E001ABFCF /* Main.storyboard in Resources */ = {isa = PBXBuildFile; fileRef = C771B8251B2C8B8E001ABFCF /* Main.storyboard */; };
		C771B8291B2C8B8E001ABFCF /* Assets.xcassets in Resources */ = {isa = PBXBuildFile; fileRef = C771B8281B2C8B8E001ABFCF /* Assets.xcassets */; };
		C771B82C1B2C8B8E001ABFCF /* LaunchScreen.storyboard in Resources */ = {isa = PBXBuildFile; fileRef = C771B82A1B2C8B8E001ABFCF /* LaunchScreen.storyboard */; };
		C771B8351B2C908E001ABFCF /* Ball.png in Resources */ = {isa = PBXBuildFile; fileRef = C771B8331B2C908E001ABFCF /* Ball.png */; };
		C771B8361B2C908E001ABFCF /* Ball@2x.png in Resources */ = {isa = PBXBuildFile; fileRef = C771B8341B2C908E001ABFCF /* Ball@2x.png */; };
		C771B8381B2C9165001ABFCF /* GameScene.sks in Resources */ = {isa = PBXBuildFile; fileRef = C771B8371B2C9165001ABFCF /* GameScene.sks */; };
		C79B38C21B2CCB34003F6B58 /* Paddle.png in Resources */ = {isa = PBXBuildFile; fileRef = C79B38C01B2CCB34003F6B58 /* Paddle.png */; };
		C79B38C31B2CCB34003F6B58 /* Paddle@2x.png in Resources */ = {isa = PBXBuildFile; fileRef = C79B38C11B2CCB34003F6B58 /* Paddle@2x.png */; };
/* End PBXBuildFile section */

/* Begin PBXFileReference section */
		C70A83731B2E149E006EDE03 /* GameOverScene.sks */ = {isa = PBXFileReference; lastKnownFileType = file.sks; path = GameOverScene.sks; sourceTree = "<group>"; };
		C70A83751B2E1599006EDE03 /* GameOverScene.swift */ = {isa = PBXFileReference; fileEncoding = 4; lastKnownFileType = sourcecode.swift; path = GameOverScene.swift; sourceTree = "<group>"; };
		C70A83771B2EABE6006EDE03 /* Block.png */ = {isa = PBXFileReference; lastKnownFileType = image.png; path = Block.png; sourceTree = "<group>"; };
		C70A83781B2EABE6006EDE03 /* Block@2x.png */ = {isa = PBXFileReference; lastKnownFileType = image.png; path = "Block@2x.png"; sourceTree = "<group>"; };
		C771B81A1B2C8B8E001ABFCF /* Breakout.app */ = {isa = PBXFileReference; explicitFileType = wrapper.application; includeInIndex = 0; path = Breakout.app; sourceTree = BUILT_PRODUCTS_DIR; };
		C771B81D1B2C8B8E001ABFCF /* AppDelegate.swift */ = {isa = PBXFileReference; lastKnownFileType = sourcecode.swift; path = AppDelegate.swift; sourceTree = "<group>"; };
		C771B8211B2C8B8E001ABFCF /* GameScene.swift */ = {isa = PBXFileReference; lastKnownFileType = sourcecode.swift; path = GameScene.swift; sourceTree = "<group>"; };
		C771B8231B2C8B8E001ABFCF /* GameViewController.swift */ = {isa = PBXFileReference; lastKnownFileType = sourcecode.swift; path = GameViewController.swift; sourceTree = "<group>"; };
		C771B8261B2C8B8E001ABFCF /* Base */ = {isa = PBXFileReference; lastKnownFileType = file.storyboard; name = Base; path = Base.lproj/Main.storyboard; sourceTree = "<group>"; };
		C771B8281B2C8B8E001ABFCF /* Assets.xcassets */ = {isa = PBXFileReference; lastKnownFileType = folder.assetcatalog; path = Assets.xcassets; sourceTree = "<group>"; };
		C771B82B1B2C8B8E001ABFCF /* Base */ = {isa = PBXFileReference; lastKnownFileType = file.storyboard; name = Base; path = Base.lproj/LaunchScreen.storyboard; sourceTree = "<group>"; };
		C771B82D1B2C8B8E001ABFCF /* Info.plist */ = {isa = PBXFileReference; lastKnownFileType = text.plist.xml; path = Info.plist; sourceTree = "<group>"; };
		C771B8331B2C908E001ABFCF /* Ball.png */ = {isa = PBXFileReference; lastKnownFileType = image.png; path = Ball.png; sourceTree = "<group>"; };
		C771B8341B2C908E001ABFCF /* Ball@2x.png */ = {isa = PBXFileReference; lastKnownFileType = image.png; path = "Ball@2x.png"; sourceTree = "<group>"; };
		C771B8371B2C9165001ABFCF /* GameScene.sks */ = {isa = PBXFileReference; lastKnownFileType = file.sks; path = GameScene.sks; sourceTree = "<group>"; };
		C79B38C01B2CCB34003F6B58 /* Paddle.png */ = {isa = PBXFileReference; lastKnownFileType = image.png; path = Paddle.png; sourceTree = "<group>"; };
		C79B38C11B2CCB34003F6B58 /* Paddle@2x.png */ = {isa = PBXFileReference; lastKnownFileType = image.png; path = "Paddle@2x.png"; sourceTree = "<group>"; };
/* End PBXFileReference section */

/* Begin PBXFrameworksBuildPhase section */
		C771B8171B2C8B8E001ABFCF /* Frameworks */ = {
			isa = PBXFrameworksBuildPhase;
			buildActionMask = 2147483647;
			files = (
			);
			runOnlyForDeploymentPostprocessing = 0;
		};
/* End PBXFrameworksBuildPhase section */

/* Begin PBXGroup section */
		C771B8111B2C8B8E001ABFCF = {
			isa = PBXGroup;
			children = (
				C771B81C1B2C8B8E001ABFCF /* Breakout */,
				C771B81B1B2C8B8E001ABFCF /* Products */,
			);
			sourceTree = "<group>";
		};
		C771B81B1B2C8B8E001ABFCF /* Products */ = {
			isa = PBXGroup;
			children = (
				C771B81A1B2C8B8E001ABFCF /* Breakout.app */,
			);
			name = Products;
			sourceTree = "<group>";
		};
		C771B81C1B2C8B8E001ABFCF /* Breakout */ = {
			isa = PBXGroup;
			children = (
				C771B8331B2C908E001ABFCF /* Ball.png */,
				C771B8341B2C908E001ABFCF /* Ball@2x.png */,
				C70A83771B2EABE6006EDE03 /* Block.png */,
				C70A83781B2EABE6006EDE03 /* Block@2x.png */,
				C79B38C01B2CCB34003F6B58 /* Paddle.png */,
				C79B38C11B2CCB34003F6B58 /* Paddle@2x.png */,
				C771B81D1B2C8B8E001ABFCF /* AppDelegate.swift */,
				C771B8231B2C8B8E001ABFCF /* GameViewController.swift */,
				C771B8211B2C8B8E001ABFCF /* GameScene.swift */,
				C771B8371B2C9165001ABFCF /* GameScene.sks */,
				C70A83751B2E1599006EDE03 /* GameOverScene.swift */,
				C70A83731B2E149E006EDE03 /* GameOverScene.sks */,
				C771B8251B2C8B8E001ABFCF /* Main.storyboard */,
				C771B8281B2C8B8E001ABFCF /* Assets.xcassets */,
				C771B82A1B2C8B8E001ABFCF /* LaunchScreen.storyboard */,
				C771B82D1B2C8B8E001ABFCF /* Info.plist */,
			);
			path = Breakout;
			sourceTree = "<group>";
		};
/* End PBXGroup section */

/* Begin PBXNativeTarget section */
		C771B8191B2C8B8E001ABFCF /* Breakout */ = {
			isa = PBXNativeTarget;
			buildConfigurationList = C771B8301B2C8B8E001ABFCF /* Build configuration list for PBXNativeTarget "Breakout" */;
			buildPhases = (
				C771B8161B2C8B8E001ABFCF /* Sources */,
				C771B8171B2C8B8E001ABFCF /* Frameworks */,
				C771B8181B2C8B8E001ABFCF /* Resources */,
			);
			buildRules = (
			);
			dependencies = (
			);
			name = Breakout;
			productName = Breakout;
			productReference = C771B81A1B2C8B8E001ABFCF /* Breakout.app */;
			productType = "com.apple.product-type.application";
		};
/* End PBXNativeTarget section */

/* Begin PBXProject section */
		C771B8121B2C8B8E001ABFCF /* Project object */ = {
			isa = PBXProject;
			attributes = {
				LastUpgradeCheck = 0700;
				ORGANIZATIONNAME = DenBeke;
				TargetAttributes = {
					C771B8191B2C8B8E001ABFCF = {
						CreatedOnToolsVersion = 7.0;
						DevelopmentTeam = 2H55825CLX;
					};
				};
			};
			buildConfigurationList = C771B8151B2C8B8E001ABFCF /* Build configuration list for PBXProject "Breakout" */;
			compatibilityVersion = "Xcode 3.2";
			developmentRegion = English;
			hasScannedForEncodings = 0;
			knownRegions = (
				en,
				Base,
			);
			mainGroup = C771B8111B2C8B8E001ABFCF;
			productRefGroup = C771B81B1B2C8B8E001ABFCF /* Products */;
			projectDirPath = "";
			projectRoot = "";
			targets = (
				C771B8191B2C8B8E001ABFCF /* Breakout */,
			);
		};
/* End PBXProject section */

/* Begin PBXResourcesBuildPhase section */
		C771B8181B2C8B8E001ABFCF /* Resources */ = {
			isa = PBXResourcesBuildPhase;
			buildActionMask = 2147483647;
			files = (
				C79B38C21B2CCB34003F6B58 /* Paddle.png in Resources */,
				C70A83791B2EABE6006EDE03 /* Block.png in Resources */,
				C771B82C1B2C8B8E001ABFCF /* LaunchScreen.storyboard in Resources */,
				C771B8291B2C8B8E001ABFCF /* Assets.xcassets in Resources */,
				C771B8351B2C908E001ABFCF /* Ball.png in Resources */,
				C79B38C31B2CCB34003F6B58 /* Paddle@2x.png in Resources */,
				C771B8361B2C908E001ABFCF /* Ball@2x.png in Resources */,
				C771B8381B2C9165001ABFCF /* GameScene.sks in Resources */,
				C70A83741B2E149E006EDE03 /* GameOverScene.sks in Resources */,
				C70A837A1B2EABE6006EDE03 /* Block@2x.png in Resources */,
				C771B8271B2C8B8E001ABFCF /* Main.storyboard in Resources */,
			);
			runOnlyForDeploymentPostprocessing = 0;
		};
/* End PBXResourcesBuildPhase section */

/* Begin PBXSourcesBuildPhase section */
		C771B8161B2C8B8E001ABFCF /* Sources */ = {
			isa = PBXSourcesBuildPhase;
			buildActionMask = 2147483647;
			files = (
				C771B8221B2C8B8E001ABFCF /* GameScene.swift in Sources */,
				C771B8241B2C8B8E001ABFCF /* GameViewController.swift in Sources */,
				C70A83761B2E1599006EDE03 /* GameOverScene.swift in Sources */,
				C771B81E1B2C8B8E001ABFCF /* AppDelegate.swift in Sources */,
			);
			runOnlyForDeploymentPostprocessing = 0;
		};
/* End PBXSourcesBuildPhase section */

/* Begin PBXVariantGroup section */
		C771B8251B2C8B8E001ABFCF /* Main.storyboard */ = {
			isa = PBXVariantGroup;
			children = (
				C771B8261B2C8B8E001ABFCF /* Base */,
			);
			name = Main.storyboard;
			sourceTree = "<group>";
		};
		C771B82A1B2C8B8E001ABFCF /* LaunchScreen.storyboard */ = {
			isa = PBXVariantGroup;
			children = (
				C771B82B1B2C8B8E001ABFCF /* Base */,
			);
			name = LaunchScreen.storyboard;
			sourceTree = "<group>";
		};
/* End PBXVariantGroup section */

/* Begin XCBuildConfiguration section */
		C771B82E1B2C8B8E001ABFCF /* Debug */ = {
			isa = XCBuildConfiguration;
			buildSettings = {
				ALWAYS_SEARCH_USER_PATHS = NO;
				CLANG_CXX_LANGUAGE_STANDARD = "gnu++0x";
				CLANG_CXX_LIBRARY = "libc++";
				CLANG_ENABLE_MODULES = YES;
				CLANG_ENABLE_OBJC_ARC = YES;
				CLANG_WARN_BOOL_CONVERSION = YES;
				CLANG_WARN_CONSTANT_CONVERSION = YES;
				CLANG_WARN_DIRECT_OBJC_ISA_USAGE = YES_ERROR;
				CLANG_WARN_EMPTY_BODY = YES;
				CLANG_WARN_ENUM_CONVERSION = YES;
				CLANG_WARN_INT_CONVERSION = YES;
				CLANG_WARN_OBJC_ROOT_CLASS = YES_ERROR;
				CLANG_WARN_UNREACHABLE_CODE = YES;
				CLANG_WARN__DUPLICATE_METHOD_MATCH = YES;
				"CODE_SIGN_IDENTITY[sdk=iphoneos*]" = "iPhone Developer";
				COPY_PHASE_STRIP = NO;
				DEBUG_INFORMATION_FORMAT = dwarf;
				ENABLE_STRICT_OBJC_MSGSEND = YES;
				ENABLE_TESTABILITY = YES;
				GCC_C_LANGUAGE_STANDARD = gnu99;
				GCC_DYNAMIC_NO_PIC = NO;
				GCC_NO_COMMON_BLOCKS = YES;
				GCC_OPTIMIZATION_LEVEL = 0;
				GCC_PREPROCESSOR_DEFINITIONS = (
					"DEBUG=1",
					"$(inherited)",
				);
				GCC_WARN_64_TO_32_BIT_CONVERSION = YES;
				GCC_WARN_ABOUT_RETURN_TYPE = YES_ERROR;
				GCC_WARN_UNDECLARED_SELECTOR = YES;
				GCC_WARN_UNINITIALIZED_AUTOS = YES_AGGRESSIVE;
				GCC_WARN_UNUSED_FUNCTION = YES;
				GCC_WARN_UNUSED_VARIABLE = YES;
				IPHONEOS_DEPLOYMENT_TARGET = 8.3;
				MTL_ENABLE_DEBUG_INFO = YES;
				ONLY_ACTIVE_ARCH = YES;
				SDKROOT = iphoneos;
				SWIFT_OPTIMIZATION_LEVEL = "-Onone";
				TARGETED_DEVICE_FAMILY = "1,2";
			};
			name = Debug;
		};
		C771B82F1B2C8B8E001ABFCF /* Release */ = {
			isa = XCBuildConfiguration;
			buildSettings = {
				ALWAYS_SEARCH_USER_PATHS = NO;
				CLANG_CXX_LANGUAGE_STANDARD = "gnu++0x";
				CLANG_CXX_LIBRARY = "libc++";
				CLANG_ENABLE_MODULES = YES;
				CLANG_ENABLE_OBJC_ARC = YES;
				CLANG_WARN_BOOL_CONVERSION = YES;
				CLANG_WARN_CONSTANT_CONVERSION = YES;
				CLANG_WARN_DIRECT_OBJC_ISA_USAGE = YES_ERROR;
				CLANG_WARN_EMPTY_BODY = YES;
				CLANG_WARN_ENUM_CONVERSION = YES;
				CLANG_WARN_INT_CONVERSION = YES;
				CLANG_WARN_OBJC_ROOT_CLASS = YES_ERROR;
				CLANG_WARN_UNREACHABLE_CODE = YES;
				CLANG_WARN__DUPLICATE_METHOD_MATCH = YES;
				"CODE_SIGN_IDENTITY[sdk=iphoneos*]" = "iPhone Developer";
				COPY_PHASE_STRIP = NO;
				DEBUG_INFORMATION_FORMAT = "dwarf-with-dsym";
				ENABLE_NS_ASSERTIONS = NO;
				ENABLE_STRICT_OBJC_MSGSEND = YES;
				GCC_C_LANGUAGE_STANDARD = gnu99;
				GCC_NO_COMMON_BLOCKS = YES;
				GCC_WARN_64_TO_32_BIT_CONVERSION = YES;
				GCC_WARN_ABOUT_RETURN_TYPE = YES_ERROR;
				GCC_WARN_UNDECLARED_SELECTOR = YES;
				GCC_WARN_UNINITIALIZED_AUTOS = YES_AGGRESSIVE;
				GCC_WARN_UNUSED_FUNCTION = YES;
				GCC_WARN_UNUSED_VARIABLE = YES;
				IPHONEOS_DEPLOYMENT_TARGET = 8.3;
				MTL_ENABLE_DEBUG_INFO = NO;
				SDKROOT = iphoneos;
				TARGETED_DEVICE_FAMILY = "1,2";
				VALIDATE_PRODUCT = YES;
			};
			name = Release;
		};
		C771B8311B2C8B8E001ABFCF /* Debug */ = {
			isa = XCBuildConfiguration;
			buildSettings = {
				ASSETCATALOG_COMPILER_APPICON_NAME = AppIcon;
				CODE_SIGN_IDENTITY = "iPhone Developer";
				"CODE_SIGN_IDENTITY[sdk=iphoneos*]" = "iPhone Developer";
				INFOPLIST_FILE = Breakout/Info.plist;
				IPHONEOS_DEPLOYMENT_TARGET = 8.3;
				LD_RUNPATH_SEARCH_PATHS = "$(inherited) @executable_path/Frameworks";
				PRODUCT_BUNDLE_IDENTIFIER = denbeke.Breakout;
				PRODUCT_NAME = "$(TARGET_NAME)";
				PROVISIONING_PROFILE = "";
			};
			name = Debug;
		};
		C771B8321B2C8B8E001ABFCF /* Release */ = {
			isa = XCBuildConfiguration;
			buildSettings = {
				ASSETCATALOG_COMPILER_APPICON_NAME = AppIcon;
				CODE_SIGN_IDENTITY = "iPhone Developer";
				"CODE_SIGN_IDENTITY[sdk=iphoneos*]" = "iPhone Developer";
				INFOPLIST_FILE = Breakout/Info.plist;
				IPHONEOS_DEPLOYMENT_TARGET = 8.3;
				LD_RUNPATH_SEARCH_PATHS = "$(inherited) @executable_path/Frameworks";
				PRODUCT_BUNDLE_IDENTIFIER = denbeke.Breakout;
				PRODUCT_NAME = "$(TARGET_NAME)";
				PROVISIONING_PROFILE = "";
			};
			name = Release;
		};
/* End XCBuildConfiguration section */

/* Begin XCConfigurationList section */
		C771B8151B2C8B8E001ABFCF /* Build configuration list for PBXProject "Breakout" */ = {
			isa = XCConfigurationList;
			buildConfigurations = (
				C771B82E1B2C8B8E001ABFCF /* Debug */,
				C771B82F1B2C8B8E001ABFCF /* Release */,
			);
			defaultConfigurationIsVisible = 0;
			defaultConfigurationName = Release;
		};
		C771B8301B2C8B8E001ABFCF /* Build configuration list for PBXNativeTarget "Breakout" */ = {
			isa = XCConfigurationList;
			buildConfigurations = (
				C771B8311B2C8B8E001ABFCF /* Debug */,
				C771B8321B2C8B8E001ABFCF /* Release */,
			);
			defaultConfigurationIsVisible = 0;
			defaultConfigurationName = Release;
		};
/* End XCConfigurationList section */
	};
	rootObject = C771B8121B2C8B8E001ABFCF /* Project object */;
}
